// !$*UTF8*$!
{
	archiveVersion = 1;
	classes = {
	};
	objectVersion = 46;
	objects = {

/* Begin PBXBuildFile section */
		6640E1201BEA076700BF0BD5 /* AppDelegate.m in Sources */ = {isa = PBXBuildFile; fileRef = 6640E11F1BEA076700BF0BD5 /* AppDelegate.m */; };
		6640E1231BEA076700BF0BD5 /* main.m in Sources */ = {isa = PBXBuildFile; fileRef = 6640E1221BEA076700BF0BD5 /* main.m */; };
		6640E1261BEA076700BF0BD5 /* errorListController.m in Sources */ = {isa = PBXBuildFile; fileRef = 6640E1251BEA076700BF0BD5 /* errorListController.m */; };
		6640E1281BEA076700BF0BD5 /* Assets.xcassets in Resources */ = {isa = PBXBuildFile; fileRef = 6640E1271BEA076700BF0BD5 /* Assets.xcassets */; };
		6640E12B1BEA076700BF0BD5 /* Main.storyboard in Resources */ = {isa = PBXBuildFile; fileRef = 6640E1291BEA076700BF0BD5 /* Main.storyboard */; };
		6640E1341BEA077F00BF0BD5 /* ErrorCodes.json in Resources */ = {isa = PBXBuildFile; fileRef = 6640E1331BEA077F00BF0BD5 /* ErrorCodes.json */; };
		6640E1371BEA108B00BF0BD5 /* errorWindowController.m in Sources */ = {isa = PBXBuildFile; fileRef = 6640E1361BEA108B00BF0BD5 /* errorWindowController.m */; };
		6640E13A1BEA1C7200BF0BD5 /* errorDetailController.m in Sources */ = {isa = PBXBuildFile; fileRef = 6640E1391BEA1C7200BF0BD5 /* errorDetailController.m */; };
/* End PBXBuildFile section */

/* Begin PBXFileReference section */
		6640E11B1BEA076700BF0BD5 /* SAABCodes.app */ = {isa = PBXFileReference; explicitFileType = wrapper.application; includeInIndex = 0; path = SAABCodes.app; sourceTree = BUILT_PRODUCTS_DIR; };
		6640E11E1BEA076700BF0BD5 /* AppDelegate.h */ = {isa = PBXFileReference; lastKnownFileType = sourcecode.c.h; path = AppDelegate.h; sourceTree = "<group>"; };
		6640E11F1BEA076700BF0BD5 /* AppDelegate.m */ = {isa = PBXFileReference; lastKnownFileType = sourcecode.c.objc; path = AppDelegate.m; sourceTree = "<group>"; };
		6640E1221BEA076700BF0BD5 /* main.m */ = {isa = PBXFileReference; lastKnownFileType = sourcecode.c.objc; path = main.m; sourceTree = "<group>"; };
		6640E1241BEA076700BF0BD5 /* errorListController.h */ = {isa = PBXFileReference; lastKnownFileType = sourcecode.c.h; path = errorListController.h; sourceTree = "<group>"; };
		6640E1251BEA076700BF0BD5 /* errorListController.m */ = {isa = PBXFileReference; lastKnownFileType = sourcecode.c.objc; path = errorListController.m; sourceTree = "<group>"; };
		6640E1271BEA076700BF0BD5 /* Assets.xcassets */ = {isa = PBXFileReference; lastKnownFileType = folder.assetcatalog; name = Assets.xcassets; path = SAABCodes/Assets.xcassets; sourceTree = "<group>"; };
		6640E12A1BEA076700BF0BD5 /* Base */ = {isa = PBXFileReference; lastKnownFileType = file.storyboard; name = Base; path = Base.lproj/Main.storyboard; sourceTree = "<group>"; };
		6640E12C1BEA076700BF0BD5 /* Info.plist */ = {isa = PBXFileReference; lastKnownFileType = text.plist.xml; name = Info.plist; path = SAABCodes/Info.plist; sourceTree = "<group>"; };
		6640E1331BEA077F00BF0BD5 /* ErrorCodes.json */ = {isa = PBXFileReference; fileEncoding = 4; lastKnownFileType = text.json; path = ErrorCodes.json; sourceTree = "<group>"; };
		6640E1351BEA108B00BF0BD5 /* errorWindowController.h */ = {isa = PBXFileReference; fileEncoding = 4; lastKnownFileType = sourcecode.c.h; path = errorWindowController.h; sourceTree = "<group>"; };
		6640E1361BEA108B00BF0BD5 /* errorWindowController.m */ = {isa = PBXFileReference; fileEncoding = 4; lastKnownFileType = sourcecode.c.objc; path = errorWindowController.m; sourceTree = "<group>"; };
		6640E1381BEA1C7200BF0BD5 /* errorDetailController.h */ = {isa = PBXFileReference; fileEncoding = 4; lastKnownFileType = sourcecode.c.h; path = errorDetailController.h; sourceTree = "<group>"; };
		6640E1391BEA1C7200BF0BD5 /* errorDetailController.m */ = {isa = PBXFileReference; fileEncoding = 4; lastKnownFileType = sourcecode.c.objc; path = errorDetailController.m; sourceTree = "<group>"; };
/* End PBXFileReference section */

/* Begin PBXFrameworksBuildPhase section */
		6640E1181BEA076700BF0BD5 /* Frameworks */ = {
			isa = PBXFrameworksBuildPhase;
			buildActionMask = 2147483647;
			files = (
			);
			runOnlyForDeploymentPostprocessing = 0;
		};
/* End PBXFrameworksBuildPhase section */

/* Begin PBXGroup section */
		6640E1121BEA076700BF0BD5 = {
			isa = PBXGroup;
			children = (
				6640E11D1BEA076700BF0BD5 /* SAABCodes */,
				6640E1271BEA076700BF0BD5 /* Assets.xcassets */,
				6640E1321BEA077000BF0BD5 /* Resources */,
				6640E1211BEA076700BF0BD5 /* Supporting Files */,
				6640E11C1BEA076700BF0BD5 /* Products */,
			);
			sourceTree = "<group>";
		};
		6640E11C1BEA076700BF0BD5 /* Products */ = {
			isa = PBXGroup;
			children = (
				6640E11B1BEA076700BF0BD5 /* SAABCodes.app */,
			);
			name = Products;
			sourceTree = "<group>";
		};
		6640E11D1BEA076700BF0BD5 /* SAABCodes */ = {
			isa = PBXGroup;
			children = (
				6640E1291BEA076700BF0BD5 /* Main.storyboard */,
				6640E11E1BEA076700BF0BD5 /* AppDelegate.h */,
				6640E11F1BEA076700BF0BD5 /* AppDelegate.m */,
				6640E1351BEA108B00BF0BD5 /* errorWindowController.h */,
				6640E1361BEA108B00BF0BD5 /* errorWindowController.m */,
				6640E1241BEA076700BF0BD5 /* errorListController.h */,
				6640E1251BEA076700BF0BD5 /* errorListController.m */,
				6640E1381BEA1C7200BF0BD5 /* errorDetailController.h */,
				6640E1391BEA1C7200BF0BD5 /* errorDetailController.m */,
			);
			path = SAABCodes;
			sourceTree = "<group>";
		};
		6640E1211BEA076700BF0BD5 /* Supporting Files */ = {
			isa = PBXGroup;
			children = (
				6640E1221BEA076700BF0BD5 /* main.m */,
			);
			name = "Supporting Files";
			path = SAABCodes;
			sourceTree = "<group>";
		};
		6640E1321BEA077000BF0BD5 /* Resources */ = {
			isa = PBXGroup;
			children = (
				6640E12C1BEA076700BF0BD5 /* Info.plist */,
				6640E1331BEA077F00BF0BD5 /* ErrorCodes.json */,
			);
			name = Resources;
			sourceTree = "<group>";
		};
/* End PBXGroup section */

/* Begin PBXNativeTarget section */
		6640E11A1BEA076700BF0BD5 /* SAABCodes */ = {
			isa = PBXNativeTarget;
			buildConfigurationList = 6640E12F1BEA076700BF0BD5 /* Build configuration list for PBXNativeTarget "SAABCodes" */;
			buildPhases = (
				6640E1171BEA076700BF0BD5 /* Sources */,
				6640E1181BEA076700BF0BD5 /* Frameworks */,
				6640E1191BEA076700BF0BD5 /* Resources */,
			);
			buildRules = (
			);
			dependencies = (
			);
			name = SAABCodes;
			productName = SAABCodes;
			productReference = 6640E11B1BEA076700BF0BD5 /* SAABCodes.app */;
			productType = "com.apple.product-type.application";
		};
/* End PBXNativeTarget section */

/* Begin PBXProject section */
		6640E1131BEA076700BF0BD5 /* Project object */ = {
			isa = PBXProject;
			attributes = {
				LastUpgradeCheck = 0710;
				ORGANIZATIONNAME = derbs;
				TargetAttributes = {
					6640E11A1BEA076700BF0BD5 = {
						CreatedOnToolsVersion = 7.1;
						DevelopmentTeam = PKXS8Y3TP8;
					};
				};
			};
			buildConfigurationList = 6640E1161BEA076700BF0BD5 /* Build configuration list for PBXProject "SAABCodes" */;
			compatibilityVersion = "Xcode 3.2";
			developmentRegion = English;
			hasScannedForEncodings = 0;
			knownRegions = (
				en,
				Base,
			);
			mainGroup = 6640E1121BEA076700BF0BD5;
			productRefGroup = 6640E11C1BEA076700BF0BD5 /* Products */;
			projectDirPath = "";
			projectRoot = "";
			targets = (
				6640E11A1BEA076700BF0BD5 /* SAABCodes */,
			);
		};
/* End PBXProject section */

/* Begin PBXResourcesBuildPhase section */
		6640E1191BEA076700BF0BD5 /* Resources */ = {
			isa = PBXResourcesBuildPhase;
			buildActionMask = 2147483647;
			files = (
				6640E1281BEA076700BF0BD5 /* Assets.xcassets in Resources */,
				6640E12B1BEA076700BF0BD5 /* Main.storyboard in Resources */,
				6640E1341BEA077F00BF0BD5 /* ErrorCodes.json in Resources */,
			);
			runOnlyForDeploymentPostprocessing = 0;
		};
/* End PBXResourcesBuildPhase section */

/* Begin PBXSourcesBuildPhase section */
		6640E1171BEA076700BF0BD5 /* Sources */ = {
			isa = PBXSourcesBuildPhase;
			buildActionMask = 2147483647;
			files = (
				6640E1371BEA108B00BF0BD5 /* errorWindowController.m in Sources */,
				6640E13A1BEA1C7200BF0BD5 /* errorDetailController.m in Sources */,
				6640E1261BEA076700BF0BD5 /* errorListController.m in Sources */,
				6640E1231BEA076700BF0BD5 /* main.m in Sources */,
				6640E1201BEA076700BF0BD5 /* AppDelegate.m in Sources */,
			);
			runOnlyForDeploymentPostprocessing = 0;
		};
/* End PBXSourcesBuildPhase section */

/* Begin PBXVariantGroup section */
		6640E1291BEA076700BF0BD5 /* Main.storyboard */ = {
			isa = PBXVariantGroup;
			children = (
				6640E12A1BEA076700BF0BD5 /* Base */,
			);
			name = Main.storyboard;
			sourceTree = "<group>";
		};
/* End PBXVariantGroup section */

/* Begin XCBuildConfiguration section */
		6640E12D1BEA076700BF0BD5 /* Debug */ = {
			isa = XCBuildConfiguration;
			buildSettings = {
				ALWAYS_SEARCH_USER_PATHS = NO;
				CLANG_CXX_LANGUAGE_STANDARD = "gnu++0x";
				CLANG_CXX_LIBRARY = "libc++";
				CLANG_ENABLE_MODULES = YES;
				CLANG_ENABLE_OBJC_ARC = YES;
				CLANG_WARN_BOOL_CONVERSION = YES;
				CLANG_WARN_CONSTANT_CONVERSION = YES;
				CLANG_WARN_DIRECT_OBJC_ISA_USAGE = YES_ERROR;
				CLANG_WARN_EMPTY_BODY = YES;
				CLANG_WARN_ENUM_CONVERSION = YES;
				CLANG_WARN_INT_CONVERSION = YES;
				CLANG_WARN_OBJC_ROOT_CLASS = YES_ERROR;
				CLANG_WARN_UNREACHABLE_CODE = YES;
				CLANG_WARN__DUPLICATE_METHOD_MATCH = YES;
				CODE_SIGN_IDENTITY = "-";
				COPY_PHASE_STRIP = NO;
				DEBUG_INFORMATION_FORMAT = dwarf;
				ENABLE_STRICT_OBJC_MSGSEND = YES;
				ENABLE_TESTABILITY = YES;
				GCC_C_LANGUAGE_STANDARD = gnu99;
				GCC_DYNAMIC_NO_PIC = NO;
				GCC_NO_COMMON_BLOCKS = YES;
				GCC_OPTIMIZATION_LEVEL = 0;
				GCC_PREPROCESSOR_DEFINITIONS = (
					"DEBUG=1",
					"$(inherited)",
				);
				GCC_WARN_64_TO_32_BIT_CONVERSION = YES;
				GCC_WARN_ABOUT_RETURN_TYPE = YES_ERROR;
				GCC_WARN_UNDECLARED_SELECTOR = YES;
				GCC_WARN_UNINITIALIZED_AUTOS = YES_AGGRESSIVE;
				GCC_WARN_UNUSED_FUNCTION = YES;
				GCC_WARN_UNUSED_VARIABLE = YES;
				MACOSX_DEPLOYMENT_TARGET = 10.11;
				MTL_ENABLE_DEBUG_INFO = YES;
				ONLY_ACTIVE_ARCH = YES;
				SDKROOT = macosx;
			};
			name = Debug;
		};
		6640E12E1BEA076700BF0BD5 /* Release */ = {
			isa = XCBuildConfiguration;
			buildSettings = {
				ALWAYS_SEARCH_USER_PATHS = NO;
				CLANG_CXX_LANGUAGE_STANDARD = "gnu++0x";
				CLANG_CXX_LIBRARY = "libc++";
				CLANG_ENABLE_MODULES = YES;
				CLANG_ENABLE_OBJC_ARC = YES;
				CLANG_WARN_BOOL_CONVERSION = YES;
				CLANG_WARN_CONSTANT_CONVERSION = YES;
				CLANG_WARN_DIRECT_OBJC_ISA_USAGE = YES_ERROR;
				CLANG_WARN_EMPTY_BODY = YES;
				CLANG_WARN_ENUM_CONVERSION = YES;
				CLANG_WARN_INT_CONVERSION = YES;
				CLANG_WARN_OBJC_ROOT_CLASS = YES_ERROR;
				CLANG_WARN_UNREACHABLE_CODE = YES;
				CLANG_WARN__DUPLICATE_METHOD_MATCH = YES;
				CODE_SIGN_IDENTITY = "-";
				COPY_PHASE_STRIP = NO;
				DEBUG_INFORMATION_FORMAT = "dwarf-with-dsym";
				ENABLE_NS_ASSERTIONS = NO;
				ENABLE_STRICT_OBJC_MSGSEND = YES;
				GCC_C_LANGUAGE_STANDARD = gnu99;
				GCC_NO_COMMON_BLOCKS = YES;
				GCC_WARN_64_TO_32_BIT_CONVERSION = YES;
				GCC_WARN_ABOUT_RETURN_TYPE = YES_ERROR;
				GCC_WARN_UNDECLARED_SELECTOR = YES;
				GCC_WARN_UNINITIALIZED_AUTOS = YES_AGGRESSIVE;
				GCC_WARN_UNUSED_FUNCTION = YES;
				GCC_WARN_UNUSED_VARIABLE = YES;
				MACOSX_DEPLOYMENT_TARGET = 10.11;
				MTL_ENABLE_DEBUG_INFO = NO;
				SDKROOT = macosx;
			};
			name = Release;
		};
		6640E1301BEA076700BF0BD5 /* Debug */ = {
			isa = XCBuildConfiguration;
			buildSettings = {
				ASSETCATALOG_COMPILER_APPICON_NAME = AppIcon;
				CODE_SIGN_IDENTITY = "Mac Developer";
				"CODE_SIGN_IDENTITY[sdk=macosx*]" = "Mac Developer";
				COMBINE_HIDPI_IMAGES = YES;
				INFOPLIST_FILE = SAABCodes/Info.plist;
				LD_RUNPATH_SEARCH_PATHS = "$(inherited) @executable_path/../Frameworks";
				MACOSX_DEPLOYMENT_TARGET = 10.9;
				PRODUCT_BUNDLE_IDENTIFIER = uk.co.iosdigital.SAABCodes;
				PRODUCT_NAME = "$(TARGET_NAME)";
				PROVISIONING_PROFILE = "";
			};
			name = Debug;
		};
		6640E1311BEA076700BF0BD5 /* Release */ = {
			isa = XCBuildConfiguration;
			buildSettings = {
				ASSETCATALOG_COMPILER_APPICON_NAME = AppIcon;
				CODE_SIGN_IDENTITY = "Mac Developer";
				"CODE_SIGN_IDENTITY[sdk=macosx*]" = "Mac Developer";
				COMBINE_HIDPI_IMAGES = YES;
				INFOPLIST_FILE = SAABCodes/Info.plist;
				LD_RUNPATH_SEARCH_PATHS = "$(inherited) @executable_path/../Frameworks";
				MACOSX_DEPLOYMENT_TARGET = 10.9;
				PRODUCT_BUNDLE_IDENTIFIER = uk.co.iosdigital.SAABCodes;
				PRODUCT_NAME = "$(TARGET_NAME)";
				PROVISIONING_PROFILE = "";
			};
			name = Release;
		};
/* End XCBuildConfiguration section */

/* Begin XCConfigurationList section */
		6640E1161BEA076700BF0BD5 /* Build configuration list for PBXProject "SAABCodes" */ = {
			isa = XCConfigurationList;
			buildConfigurations = (
				6640E12D1BEA076700BF0BD5 /* Debug */,
				6640E12E1BEA076700BF0BD5 /* Release */,
			);
			defaultConfigurationIsVisible = 0;
			defaultConfigurationName = Release;
		};
		6640E12F1BEA076700BF0BD5 /* Build configuration list for PBXNativeTarget "SAABCodes" */ = {
			isa = XCConfigurationList;
			buildConfigurations = (
				6640E1301BEA076700BF0BD5 /* Debug */,
				6640E1311BEA076700BF0BD5 /* Release */,
			);
			defaultConfigurationIsVisible = 0;
			defaultConfigurationName = Release;
		};
/* End XCConfigurationList section */
	};
	rootObject = 6640E1131BEA076700BF0BD5 /* Project object */;
}
